
Microsoft Visual Studio Solution File, Format Version 12.00
# Visual Studio Version 16
VisualStudioVersion = 16.0.31515.178
MinimumVisualStudioVersion = 10.0.40219.1
Project("{FAE04EC0-301F-11D3-BF4B-00C04F79EFBC}") = "Cube of Number", "Cube of Number\Cube of Number.csproj", "{73D6D539-9A1A-4E77-AD85-C95D8D58F8D4}"
EndProject
Global
	GlobalSection(SolutionConfigurationPlatforms) = preSolution
		Debug|Any CPU = Debug|Any CPU
		Release|Any CPU = Release|Any CPU
	EndGlobalSection
	GlobalSection(ProjectConfigurationPlatforms) = postSolution
		{73D6D539-9A1A-4E77-AD85-C95D8D58F8D4}.Debug|Any CPU.ActiveCfg = Debug|Any CPU
		{73D6D539-9A1A-4E77-AD85-C95D8D58F8D4}.Debug|Any CPU.Build.0 = Debug|Any CPU
		{73D6D539-9A1A-4E77-AD85-C95D8D58F8D4}.Release|Any CPU.ActiveCfg = Release|Any CPU
		{73D6D539-9A1A-4E77-AD85-C95D8D58F8D4}.Release|Any CPU.Build.0 = Release|Any CPU
	EndGlobalSection
	GlobalSection(SolutionProperties) = preSolution
		HideSolutionNode = FALSE
	EndGlobalSection
	GlobalSection(ExtensibilityGlobals) = postSolution
		SolutionGuid = {BB5B49F4-E1EB-4B25-AA84-B809740F1763}
	EndGlobalSection
EndGlobal
