
Microsoft Visual Studio Solution File, Format Version 12.00
# Visual Studio Version 16
VisualStudioVersion = 16.0.31515.178
MinimumVisualStudioVersion = 10.0.40219.1
Project("{FAE04EC0-301F-11D3-BF4B-00C04F79EFBC}") = "dec to oct", "dec to oct\dec to oct.csproj", "{3FDC67EC-6C90-4A17-9D87-7B7FE5EF1401}"
EndProject
Global
	GlobalSection(SolutionConfigurationPlatforms) = preSolution
		Debug|Any CPU = Debug|Any CPU
		Release|Any CPU = Release|Any CPU
	EndGlobalSection
	GlobalSection(ProjectConfigurationPlatforms) = postSolution
		{3FDC67EC-6C90-4A17-9D87-7B7FE5EF1401}.Debug|Any CPU.ActiveCfg = Debug|Any CPU
		{3FDC67EC-6C90-4A17-9D87-7B7FE5EF1401}.Debug|Any CPU.Build.0 = Debug|Any CPU
		{3FDC67EC-6C90-4A17-9D87-7B7FE5EF1401}.Release|Any CPU.ActiveCfg = Release|Any CPU
		{3FDC67EC-6C90-4A17-9D87-7B7FE5EF1401}.Release|Any CPU.Build.0 = Release|Any CPU
	EndGlobalSection
	GlobalSection(SolutionProperties) = preSolution
		HideSolutionNode = FALSE
	EndGlobalSection
	GlobalSection(ExtensibilityGlobals) = postSolution
		SolutionGuid = {1A531C1C-E420-4C6D-88AC-C57AE0EC8F0C}
	EndGlobalSection
EndGlobal
