
Microsoft Visual Studio Solution File, Format Version 12.00
# Visual Studio Version 16
VisualStudioVersion = 16.0.31515.178
MinimumVisualStudioVersion = 10.0.40219.1
Project("{FAE04EC0-301F-11D3-BF4B-00C04F79EFBC}") = "Divisibilty by 9", "Divisibilty by 9\Divisibilty by 9.csproj", "{4C0CF467-C0B3-41F6-8C2A-C87B91A9F061}"
EndProject
Global
	GlobalSection(SolutionConfigurationPlatforms) = preSolution
		Debug|Any CPU = Debug|Any CPU
		Release|Any CPU = Release|Any CPU
	EndGlobalSection
	GlobalSection(ProjectConfigurationPlatforms) = postSolution
		{4C0CF467-C0B3-41F6-8C2A-C87B91A9F061}.Debug|Any CPU.ActiveCfg = Debug|Any CPU
		{4C0CF467-C0B3-41F6-8C2A-C87B91A9F061}.Debug|Any CPU.Build.0 = Debug|Any CPU
		{4C0CF467-C0B3-41F6-8C2A-C87B91A9F061}.Release|Any CPU.ActiveCfg = Release|Any CPU
		{4C0CF467-C0B3-41F6-8C2A-C87B91A9F061}.Release|Any CPU.Build.0 = Release|Any CPU
	EndGlobalSection
	GlobalSection(SolutionProperties) = preSolution
		HideSolutionNode = FALSE
	EndGlobalSection
	GlobalSection(ExtensibilityGlobals) = postSolution
		SolutionGuid = {3AD33847-FCCB-46C7-B8C6-12DB52B4535A}
	EndGlobalSection
EndGlobal
